<?xml version="1.0" encoding="utf-8"?>
<Project ToolsVersion="4.0" xmlns="http://schemas.microsoft.com/developer/msbuild/2003">
  <ItemGroup>
    <Filter Include="源文件">
      <UniqueIdentifier>{4FC737F1-C7A5-4376-A066-2A32D752A2FF}</UniqueIdentifier>
      <Extensions>cpp;c;cc;cxx;c++;def;odl;idl;hpj;bat;asm;asmx</Extensions>
    </Filter>
    <Filter Include="头文件">
      <UniqueIdentifier>{93995380-89BD-4b04-88EB-625FBE52EBFB}</UniqueIdentifier>
      <Extensions>h;hh;hpp;hxx;h++;hm;inl;inc;ipp;xsd</Extensions>
    </Filter>
    <Filter Include="资源文件">
      <UniqueIdentifier>{67DA6AB6-F800-4c08-8B7A-83BB121AAD01}</UniqueIdentifier>
      <Extensions>rc;ico;cur;bmp;dlg;rc2;rct;bin;rgs;gif;jpg;jpeg;jpe;resx;tiff;tif;png;wav;mfcribbon-ms</Extensions>
    </Filter>
    <Filter Include="头文件\graph">
      <UniqueIdentifier>{b639c8e4-8409-4d8a-8b01-40abaccfc449}</UniqueIdentifier>
    </Filter>
    <Filter Include="头文件\util">
      <UniqueIdentifier>{df99c886-52d2-4ddb-b7ca-6a0e79c9281d}</UniqueIdentifier>
    </Filter>
    <Filter Include="源文件\graph">
      <UniqueIdentifier>{ae92b5d1-a2d6-4fda-84a3-ba8c8ca3fbb9}</UniqueIdentifier>
    </Filter>
    <Filter Include="头文件\render">
      <UniqueIdentifier>{66de0d59-1885-4576-b694-a438c373d92c}</UniqueIdentifier>
    </Filter>
    <Filter Include="源文件\render">
      <UniqueIdentifier>{02e0dc7c-50f7-456c-bbad-e192804bde85}</UniqueIdentifier>
    </Filter>
    <Filter Include="源文件\util">
      <UniqueIdentifier>{fef112f8-36b3-4111-8a52-ab41f0ed3b2b}</UniqueIdentifier>
    </Filter>
    <Filter Include="源文件\test">
      <UniqueIdentifier>{5bd1a9d7-7e90-429a-805d-d269cb10a61d}</UniqueIdentifier>
    </Filter>
    <Filter Include="头文件\test">
      <UniqueIdentifier>{40bbfcab-4dd5-459a-8a3c-2ac3c35fe537}</UniqueIdentifier>
    </Filter>
    <Filter Include="源文件\glad">
      <UniqueIdentifier>{42145029-7021-46eb-9da0-269925b30ca1}</UniqueIdentifier>
    </Filter>
    <Filter Include="头文件\system">
      <UniqueIdentifier>{634f0c18-d7af-4c11-87f1-aee599febde5}</UniqueIdentifier>
    </Filter>
    <Filter Include="头文件\event">
      <UniqueIdentifier>{8fcd4d7e-5d6e-4920-a8a1-3105a70feb00}</UniqueIdentifier>
    </Filter>
    <Filter Include="源文件\event">
      <UniqueIdentifier>{ff5a9711-471a-4da5-9f28-555f5b57473b}</UniqueIdentifier>
    </Filter>
    <Filter Include="头文件\imgui">
      <UniqueIdentifier>{09de8e4f-fd62-4fbb-ba23-544f909bcdde}</UniqueIdentifier>
    </Filter>
    <Filter Include="源文件\imgui">
      <UniqueIdentifier>{82154f88-184f-4cd4-a6c0-70411684e0f5}</UniqueIdentifier>
    </Filter>
  </ItemGroup>
  <ItemGroup>
    <ClCompile Include="main.cpp">
      <Filter>源文件</Filter>
    </ClCompile>
    <ClCompile Include="Vertex.cpp">
      <Filter>源文件\graph</Filter>
    </ClCompile>
    <ClCompile Include="VertexArray.cpp">
      <Filter>源文件\graph</Filter>
    </ClCompile>
    <ClCompile Include="Shader.cpp">
      <Filter>源文件\render</Filter>
    </ClCompile>
    <ClCompile Include="Vector2.cpp">
      <Filter>源文件\util</Filter>
    </ClCompile>
    <ClCompile Include="Vector3.cpp">
      <Filter>源文件\util</Filter>
    </ClCompile>
    <ClCompile Include="RtxMath.cpp">
      <Filter>源文件\util</Filter>
    </ClCompile>
    <ClCompile Include="glad.c">
      <Filter>源文件\glad</Filter>
    </ClCompile>
    <ClCompile Include="test\ch1_texture.cpp">
      <Filter>源文件\test</Filter>
    </ClCompile>
    <ClCompile Include="test\ch1_shader.cpp">
      <Filter>源文件\test</Filter>
    </ClCompile>
    <ClCompile Include="stb_init.cpp">
      <Filter>源文件</Filter>
    </ClCompile>
    <ClCompile Include="Texture.cpp">
      <Filter>源文件\render</Filter>
    </ClCompile>
    <ClCompile Include="test\raytracing.cpp">
      <Filter>源文件\test</Filter>
    </ClCompile>
    <ClCompile Include="test\ch1_transform.cpp">
      <Filter>源文件\test</Filter>
    </ClCompile>
    <ClCompile Include="test\ch1_axis.cpp">
      <Filter>源文件\test</Filter>
    </ClCompile>
    <ClCompile Include="test\ch1_camera.cpp">
      <Filter>源文件\test</Filter>
    </ClCompile>
    <ClCompile Include="Camera.cpp">
      <Filter>源文件\render</Filter>
    </ClCompile>
    <ClCompile Include="Time.cpp">
      <Filter>源文件</Filter>
    </ClCompile>
    <ClCompile Include="test\ch2_color.cpp">
      <Filter>源文件\test</Filter>
    </ClCompile>
    <ClCompile Include="Mouse.cpp">
      <Filter>源文件\event</Filter>
    </ClCompile>
    <ClCompile Include="Window.cpp">
      <Filter>源文件\render</Filter>
    </ClCompile>
    <ClCompile Include="test\ch2_basiclight.cpp">
      <Filter>源文件\test</Filter>
    </ClCompile>
    <ClCompile Include="test\ch2_material.cpp">
      <Filter>源文件\test</Filter>
    </ClCompile>
    <ClCompile Include="imgui\imgui.cpp">
      <Filter>源文件\imgui</Filter>
    </ClCompile>
    <ClCompile Include="imgui\imgui_demo.cpp">
      <Filter>源文件\imgui</Filter>
    </ClCompile>
    <ClCompile Include="imgui\imgui_draw.cpp">
      <Filter>源文件\imgui</Filter>
    </ClCompile>
    <ClCompile Include="imgui\imgui_tables.cpp">
      <Filter>源文件\imgui</Filter>
    </ClCompile>
    <ClCompile Include="imgui\imgui_widgets.cpp">
      <Filter>源文件\imgui</Filter>
    </ClCompile>
    <ClCompile Include="RenderTarget.cpp">
      <Filter>源文件\graph</Filter>
    </ClCompile>
    <ClCompile Include="RenderStates.cpp">
      <Filter>源文件\graph</Filter>
    </ClCompile>
    <ClCompile Include="render\Transform.h">
      <Filter>头文件\render</Filter>
    </ClCompile>
    <ClCompile Include="Transform.cpp">
      <Filter>源文件\render</Filter>
    </ClCompile>
  </ItemGroup>
  <ItemGroup>
    <ClInclude Include="graph\Vertex.h">
      <Filter>头文件\graph</Filter>
    </ClInclude>
    <ClInclude Include="util\Vector3.h">
      <Filter>头文件\util</Filter>
    </ClInclude>
    <ClInclude Include="util\Color.h">
      <Filter>头文件\util</Filter>
    </ClInclude>
    <ClInclude Include="util\RtxMath.h">
      <Filter>头文件\util</Filter>
    </ClInclude>
    <ClInclude Include="util\Vector2.h">
      <Filter>头文件\util</Filter>
    </ClInclude>
    <ClInclude Include="util\Vector.h">
      <Filter>头文件\util</Filter>
    </ClInclude>
    <ClInclude Include="graph\VertexArray.h">
      <Filter>头文件\graph</Filter>
    </ClInclude>
    <ClInclude Include="render\Shader.h">
      <Filter>头文件\render</Filter>
    </ClInclude>
    <ClInclude Include="test\ch1_test.h">
      <Filter>头文件\test</Filter>
    </ClInclude>
    <ClInclude Include="test\test_total.h">
      <Filter>头文件\test</Filter>
    </ClInclude>
    <ClInclude Include="render\Image.h">
      <Filter>头文件\render</Filter>
    </ClInclude>
    <ClInclude Include="render\Texture.h">
      <Filter>头文件\render</Filter>
    </ClInclude>
    <ClInclude Include="test\raytracing.h">
      <Filter>头文件\test</Filter>
    </ClInclude>
    <ClInclude Include="render\Camera.h">
      <Filter>头文件\render</Filter>
    </ClInclude>
    <ClInclude Include="system\Time.h">
      <Filter>头文件\system</Filter>
    </ClInclude>
    <ClInclude Include="test\ch2_test.h">
      <Filter>头文件\test</Filter>
    </ClInclude>
    <ClInclude Include="render\FPSCamera.h">
      <Filter>头文件\render</Filter>
    </ClInclude>
    <ClInclude Include="event\Mouse.h">
      <Filter>头文件\event</Filter>
    </ClInclude>
    <ClInclude Include="render\Window.h">
      <Filter>头文件\render</Filter>
    </ClInclude>
    <ClInclude Include="imgui\imconfig.h">
      <Filter>头文件\imgui</Filter>
    </ClInclude>
    <ClInclude Include="imgui\imgui.h">
      <Filter>头文件\imgui</Filter>
    </ClInclude>
    <ClInclude Include="imgui\imgui_internal.h">
      <Filter>头文件\imgui</Filter>
    </ClInclude>
    <ClInclude Include="imgui\imstb_rectpack.h">
      <Filter>头文件\imgui</Filter>
    </ClInclude>
    <ClInclude Include="imgui\imstb_textedit.h">
      <Filter>头文件\imgui</Filter>
    </ClInclude>
    <ClInclude Include="imgui\imstb_truetype.h">
      <Filter>头文件\imgui</Filter>
    </ClInclude>
    <ClInclude Include="graph\Mesh.h">
      <Filter>头文件\graph</Filter>
    </ClInclude>
    <ClInclude Include="graph\Drawable.h">
      <Filter>头文件\graph</Filter>
    </ClInclude>
    <ClInclude Include="graph\RenderStates.h">
      <Filter>头文件\graph</Filter>
    </ClInclude>
    <ClInclude Include="graph\RenderTarget.h">
      <Filter>头文件\graph</Filter>
    </ClInclude>
    <ClInclude Include="graph\CubeMesh.h">
      <Filter>头文件\graph</Filter>
    </ClInclude>
    <ClInclude Include="graph\SphereMesh.h">
      <Filter>头文件\graph</Filter>
    </ClInclude>
  </ItemGroup>
</Project>